{
  "version": 4,
  "terraform_version": "1.1.8",
  "serial": 264,
  "lineage": "0b41a1dc-0117-e214-fc8b-4366fb4ffdb2",
  "outputs": {
    "ec2_k3s_ips": {
      "value": [
        "54.87.17.8"
      ],
      "type": [
        "tuple",
        [
          "string"
        ]
      ]
    },
    "ec2_master_ips": {
      "value": [
        "34.224.23.24"
      ],
      "type": [
        "tuple",
        [
          "string"
        ]
      ]
    }
  },
  "resources": [
    {
      "module": "module.aws",
      "mode": "data",
      "type": "aws_ami",
      "name": "ubuntu",
      "provider": "module.aws.provider[\"registry.terraform.io/hashicorp/aws\"]",
      "instances": [
        {
          "schema_version": 0,
          "attributes": {
            "architecture": "x86_64",
            "arn": "arn:aws:ec2:us-east-1::image/ami-0fd63e471b04e22d0",
            "block_device_mappings": [
              {
                "device_name": "/dev/sda1",
                "ebs": {
                  "delete_on_termination": "true",
                  "encrypted": "false",
                  "iops": "0",
                  "snapshot_id": "snap-069bc6e19d550924a",
                  "throughput": "0",
                  "volume_size": "8",
                  "volume_type": "gp2"
                },
                "no_device": "",
                "virtual_name": ""
              },
              {
                "device_name": "/dev/sdb",
                "ebs": {},
                "no_device": "",
                "virtual_name": "ephemeral0"
              },
              {
                "device_name": "/dev/sdc",
                "ebs": {},
                "no_device": "",
                "virtual_name": "ephemeral1"
              }
            ],
            "creation_date": "2022-04-05T00:51:28.000Z",
            "description": "Canonical, Ubuntu, 20.04 LTS, amd64 focal image build on 2022-04-04",
            "ena_support": true,
            "executable_users": null,
            "filter": [
              {
                "name": "name",
                "values": [
                  "ubuntu/images/hvm-ssd/ubuntu-focal-20.04-amd64-server-*"
                ]
              },
              {
                "name": "virtualization-type",
                "values": [
                  "hvm"
                ]
              }
            ],
            "hypervisor": "xen",
            "id": "ami-0fd63e471b04e22d0",
            "image_id": "ami-0fd63e471b04e22d0",
            "image_location": "099720109477/ubuntu/images/hvm-ssd/ubuntu-focal-20.04-amd64-server-20220404",
            "image_owner_alias": null,
            "image_type": "machine",
            "kernel_id": null,
            "most_recent": true,
            "name": "ubuntu/images/hvm-ssd/ubuntu-focal-20.04-amd64-server-20220404",
            "name_regex": null,
            "owner_id": "099720109477",
            "owners": [
              "099720109477"
            ],
            "platform": null,
            "platform_details": "Linux/UNIX",
            "product_codes": [],
            "public": true,
            "ramdisk_id": null,
            "root_device_name": "/dev/sda1",
            "root_device_type": "ebs",
            "root_snapshot_id": "snap-069bc6e19d550924a",
            "sriov_net_support": "simple",
            "state": "available",
            "state_reason": {
              "code": "UNSET",
              "message": "UNSET"
            },
            "tags": {},
            "usage_operation": "RunInstances",
            "virtualization_type": "hvm"
          },
          "sensitive_attributes": []
        }
      ]
    },
    {
      "module": "module.aws",
      "mode": "managed",
      "type": "aws_instance",
      "name": "k3s",
      "provider": "module.aws.provider[\"registry.terraform.io/hashicorp/aws\"]",
      "instances": [
        {
          "schema_version": 1,
          "attributes": {
            "ami": "ami-0fd63e471b04e22d0",
            "arn": "arn:aws:ec2:us-east-1:912406108031:instance/i-0b9a1b8936588224a",
            "associate_public_ip_address": true,
            "availability_zone": "us-east-1b",
            "capacity_reservation_specification": [
              {
                "capacity_reservation_preference": "open",
                "capacity_reservation_target": []
              }
            ],
            "cpu_core_count": 1,
            "cpu_threads_per_core": 1,
            "credit_specification": [
              {
                "cpu_credits": "standard"
              }
            ],
            "disable_api_termination": false,
            "ebs_block_device": [],
            "ebs_optimized": false,
            "enclave_options": [
              {
                "enabled": false
              }
            ],
            "ephemeral_block_device": [],
            "get_password_data": false,
            "hibernation": false,
            "host_id": null,
            "iam_instance_profile": "",
            "id": "i-0b9a1b8936588224a",
            "instance_initiated_shutdown_behavior": "stop",
            "instance_state": "running",
            "instance_type": "t2.micro",
            "ipv6_address_count": 0,
            "ipv6_addresses": [],
            "key_name": "rancher",
            "launch_template": [],
            "metadata_options": [
              {
                "http_endpoint": "enabled",
                "http_put_response_hop_limit": 1,
                "http_tokens": "optional",
                "instance_metadata_tags": "disabled"
              }
            ],
            "monitoring": false,
            "network_interface": [],
            "outpost_arn": "",
            "password_data": "",
            "placement_group": "",
            "placement_partition_number": null,
            "primary_network_interface_id": "eni-05dad7fffeaa54a8e",
            "private_dns": "ip-172-16-10-161.ec2.internal",
            "private_ip": "172.16.10.161",
            "public_dns": "",
            "public_ip": "54.87.17.8",
            "root_block_device": [
              {
                "delete_on_termination": true,
                "device_name": "/dev/sda1",
                "encrypted": false,
                "iops": 100,
                "kms_key_id": "",
                "tags": {},
                "throughput": 0,
                "volume_id": "vol-00ff50990d8c54f19",
                "volume_size": 8,
                "volume_type": "gp2"
              }
            ],
            "secondary_private_ips": [],
            "security_groups": [],
            "source_dest_check": true,
            "subnet_id": "subnet-0ec575cf374adff00",
            "tags": {
              "Name": "k3s"
            },
            "tags_all": {
              "Name": "k3s"
            },
            "tenancy": "default",
            "timeouts": null,
            "user_data": null,
            "user_data_base64": null,
            "volume_tags": null,
            "vpc_security_group_ids": [
              "sg-0cf25549a0931edd7"
            ]
          },
          "sensitive_attributes": [],
          "private": "eyJlMmJmYjczMC1lY2FhLTExZTYtOGY4OC0zNDM2M2JjN2M0YzAiOnsiY3JlYXRlIjo2MDAwMDAwMDAwMDAsImRlbGV0ZSI6MTIwMDAwMDAwMDAwMCwidXBkYXRlIjo2MDAwMDAwMDAwMDB9LCJzY2hlbWFfdmVyc2lvbiI6IjEifQ==",
          "dependencies": [
            "module.aws.aws_key_pair.generated_key",
            "module.aws.aws_security_group.allow_in",
            "module.aws.aws_subnet.rancher",
            "module.aws.aws_vpc.cluster",
            "module.aws.data.aws_ami.ubuntu",
            "module.aws.tls_private_key.chave"
          ]
        }
      ]
    },
    {
      "module": "module.aws",
      "mode": "managed",
      "type": "aws_instance",
      "name": "master",
      "provider": "module.aws.provider[\"registry.terraform.io/hashicorp/aws\"]",
      "instances": [
        {
          "schema_version": 1,
          "attributes": {
            "ami": "ami-0fd63e471b04e22d0",
            "arn": "arn:aws:ec2:us-east-1:912406108031:instance/i-07a9d32c9bb501c84",
            "associate_public_ip_address": true,
            "availability_zone": "us-east-1b",
            "capacity_reservation_specification": [
              {
                "capacity_reservation_preference": "open",
                "capacity_reservation_target": []
              }
            ],
            "cpu_core_count": 1,
            "cpu_threads_per_core": 1,
            "credit_specification": [
              {
                "cpu_credits": "standard"
              }
            ],
            "disable_api_termination": false,
            "ebs_block_device": [],
            "ebs_optimized": false,
            "enclave_options": [
              {
                "enabled": false
              }
            ],
            "ephemeral_block_device": [],
            "get_password_data": false,
            "hibernation": false,
            "host_id": null,
            "iam_instance_profile": "",
            "id": "i-07a9d32c9bb501c84",
            "instance_initiated_shutdown_behavior": "stop",
            "instance_state": "running",
            "instance_type": "t2.micro",
            "ipv6_address_count": 0,
            "ipv6_addresses": [],
            "key_name": "rancher",
            "launch_template": [],
            "metadata_options": [
              {
                "http_endpoint": "enabled",
                "http_put_response_hop_limit": 1,
                "http_tokens": "optional",
                "instance_metadata_tags": "disabled"
              }
            ],
            "monitoring": false,
            "network_interface": [],
            "outpost_arn": "",
            "password_data": "",
            "placement_group": "",
            "placement_partition_number": null,
            "primary_network_interface_id": "eni-0dd6db81409ddfc6b",
            "private_dns": "ip-172-16-10-185.ec2.internal",
            "private_ip": "172.16.10.185",
            "public_dns": "",
            "public_ip": "34.224.23.24",
            "root_block_device": [
              {
                "delete_on_termination": true,
                "device_name": "/dev/sda1",
                "encrypted": false,
                "iops": 100,
                "kms_key_id": "",
                "tags": {},
                "throughput": 0,
                "volume_id": "vol-07aa28ca2150deef8",
                "volume_size": 8,
                "volume_type": "gp2"
              }
            ],
            "secondary_private_ips": [],
            "security_groups": [],
            "source_dest_check": true,
            "subnet_id": "subnet-0ec575cf374adff00",
            "tags": {
              "Name": "master"
            },
            "tags_all": {
              "Name": "master"
            },
            "tenancy": "default",
            "timeouts": null,
            "user_data": null,
            "user_data_base64": null,
            "volume_tags": null,
            "vpc_security_group_ids": [
              "sg-0cf25549a0931edd7"
            ]
          },
          "sensitive_attributes": [],
          "private": "eyJlMmJmYjczMC1lY2FhLTExZTYtOGY4OC0zNDM2M2JjN2M0YzAiOnsiY3JlYXRlIjo2MDAwMDAwMDAwMDAsImRlbGV0ZSI6MTIwMDAwMDAwMDAwMCwidXBkYXRlIjo2MDAwMDAwMDAwMDB9LCJzY2hlbWFfdmVyc2lvbiI6IjEifQ==",
          "dependencies": [
            "module.aws.aws_key_pair.generated_key",
            "module.aws.aws_security_group.allow_in",
            "module.aws.aws_subnet.rancher",
            "module.aws.aws_vpc.cluster",
            "module.aws.data.aws_ami.ubuntu",
            "module.aws.tls_private_key.chave"
          ]
        }
      ]
    },
    {
      "module": "module.aws",
      "mode": "managed",
      "type": "aws_internet_gateway",
      "name": "gw",
      "provider": "module.aws.provider[\"registry.terraform.io/hashicorp/aws\"]",
      "instances": [
        {
          "schema_version": 0,
          "attributes": {
            "arn": "arn:aws:ec2:us-east-1:912406108031:internet-gateway/igw-06937644e177d76d9",
            "id": "igw-06937644e177d76d9",
            "owner_id": "912406108031",
            "tags": {},
            "tags_all": {},
            "vpc_id": "vpc-0de71474239b38f68"
          },
          "sensitive_attributes": [],
          "private": "bnVsbA==",
          "dependencies": [
            "module.aws.aws_vpc.cluster"
          ]
        }
      ]
    },
    {
      "module": "module.aws",
      "mode": "managed",
      "type": "aws_key_pair",
      "name": "generated_key",
      "provider": "module.aws.provider[\"registry.terraform.io/hashicorp/aws\"]",
      "instances": [
        {
          "schema_version": 1,
          "attributes": {
            "arn": "arn:aws:ec2:us-east-1:912406108031:key-pair/rancher",
            "fingerprint": "e0:25:a5:e0:3a:87:ec:cf:c7:ce:27:7c:37:1a:aa:ef",
            "id": "rancher",
            "key_name": "rancher",
            "key_name_prefix": "",
            "key_pair_id": "key-0d69a28917586d098",
            "public_key": "ssh-rsa AAAAB3NzaC1yc2EAAAADAQABAAACAQDRkgDBK/f99fS0esAGjy6RMbo+UeU6ABzP7YWNeYSwWjysvOwnDt2ChOJpa90VIa1b23j2wPZh8+rDb1UX+ZbYbEy9sXK/qSed+I+LatZJRI1A+HebI8ZJobykxK+66Y0bbmm1Tf+mgUmBWTMQdKBf/O7NvqJND39plyqtz3yPVJn64IEfjV8cVtLhl/Nxzv6ZA7CtnkOUtS3jWxqsLsW+A7FWeRnt0qET8quybMYb1FtNr7GbfbkQ9DdDdFzW4+nxXUWzz1qB6lUACvqSIDVDTrODAhKQSeO21ImstYPYDdSIcvajmR0dDoLquc122ZiZF5i4VoA0WLPAlVO1CUIFMnE76JlQSGYS3uEMRVsxXo1nWDDF5u7L/UYkiJxcZCa738Z22G5G0Rp1RotQ6HWoaWzV/0XPTPsuge1v9GbA9wDoCGjofrtf2RHxjhaVx98dEuz/pdXCSPcaOM0U7J7SJ5oLy8J93yzebhDenA/H7WVMOOm8aZw3bTWpXCZ9S/tbsTYNrZlBVPll85jeqV42jN3TT0VnR8pFOs+4HUKVxIs6aS04/YibkdKYcQjLA6UxEqm1M9yDkAgZ5F8EldvLXTWFcenW4l0OoAjW7lB6FatiCoWAd6u8e6t79eNxeiJ4O6YK20LdkHf1fkVrI+pLIpAPYqM87Jx/ukoQMzxxAQ==",
            "tags": {},
            "tags_all": {}
          },
          "sensitive_attributes": [],
          "private": "eyJzY2hlbWFfdmVyc2lvbiI6IjEifQ==",
          "dependencies": [
            "module.aws.tls_private_key.chave"
          ]
        }
      ]
    },
    {
      "module": "module.aws",
      "mode": "managed",
      "type": "aws_route_table",
      "name": "route",
      "provider": "module.aws.provider[\"registry.terraform.io/hashicorp/aws\"]",
      "instances": [
        {
          "schema_version": 0,
          "attributes": {
            "arn": "arn:aws:ec2:us-east-1:912406108031:route-table/rtb-07f7e654893416dde",
            "id": "rtb-07f7e654893416dde",
            "owner_id": "912406108031",
            "propagating_vgws": [],
            "route": [
              {
                "carrier_gateway_id": "",
                "cidr_block": "0.0.0.0/0",
                "destination_prefix_list_id": "",
                "egress_only_gateway_id": "",
                "gateway_id": "igw-06937644e177d76d9",
                "instance_id": "",
                "ipv6_cidr_block": "",
                "local_gateway_id": "",
                "nat_gateway_id": "",
                "network_interface_id": "",
                "transit_gateway_id": "",
                "vpc_endpoint_id": "",
                "vpc_peering_connection_id": ""
              }
            ],
            "tags": {},
            "tags_all": {},
            "timeouts": null,
            "vpc_id": "vpc-0de71474239b38f68"
          },
          "sensitive_attributes": [],
          "private": "eyJlMmJmYjczMC1lY2FhLTExZTYtOGY4OC0zNDM2M2JjN2M0YzAiOnsiY3JlYXRlIjozMDAwMDAwMDAwMDAsImRlbGV0ZSI6MzAwMDAwMDAwMDAwLCJ1cGRhdGUiOjEyMDAwMDAwMDAwMH19",
          "dependencies": [
            "module.aws.aws_internet_gateway.gw",
            "module.aws.aws_vpc.cluster"
          ]
        }
      ]
    },
    {
      "module": "module.aws",
      "mode": "managed",
      "type": "aws_route_table_association",
      "name": "association",
      "provider": "module.aws.provider[\"registry.terraform.io/hashicorp/aws\"]",
      "instances": [
        {
          "schema_version": 0,
          "attributes": {
            "gateway_id": "",
            "id": "rtbassoc-07928b21778a46781",
            "route_table_id": "rtb-07f7e654893416dde",
            "subnet_id": "subnet-0ec575cf374adff00"
          },
          "sensitive_attributes": [],
          "private": "bnVsbA==",
          "dependencies": [
            "module.aws.aws_internet_gateway.gw",
            "module.aws.aws_route_table.route",
            "module.aws.aws_subnet.rancher",
            "module.aws.aws_vpc.cluster"
          ]
        }
      ]
    },
    {
      "module": "module.aws",
      "mode": "managed",
      "type": "aws_security_group",
      "name": "allow_in",
      "provider": "module.aws.provider[\"registry.terraform.io/hashicorp/aws\"]",
      "instances": [
        {
          "schema_version": 1,
          "attributes": {
            "arn": "arn:aws:ec2:us-east-1:912406108031:security-group/sg-0cf25549a0931edd7",
            "description": "Allow Entrada de portas",
            "egress": [
              {
                "cidr_blocks": [
                  "0.0.0.0/0"
                ],
                "description": "",
                "from_port": 0,
                "ipv6_cidr_blocks": [
                  "::/0"
                ],
                "prefix_list_ids": [],
                "protocol": "-1",
                "security_groups": [],
                "self": false,
                "to_port": 0
              }
            ],
            "id": "sg-0cf25549a0931edd7",
            "ingress": [
              {
                "cidr_blocks": [
                  "0.0.0.0/0"
                ],
                "description": "HTTP",
                "from_port": 80,
                "ipv6_cidr_blocks": [
                  "::/0"
                ],
                "prefix_list_ids": [],
                "protocol": "tcp",
                "security_groups": [],
                "self": false,
                "to_port": 80
              },
              {
                "cidr_blocks": [
                  "0.0.0.0/0"
                ],
                "description": "HTTPS",
                "from_port": 443,
                "ipv6_cidr_blocks": [
                  "::/0"
                ],
                "prefix_list_ids": [],
                "protocol": "tcp",
                "security_groups": [],
                "self": false,
                "to_port": 443
              },
              {
                "cidr_blocks": [
                  "0.0.0.0/0"
                ],
                "description": "RANCHER01",
                "from_port": 2376,
                "ipv6_cidr_blocks": [
                  "::/0"
                ],
                "prefix_list_ids": [],
                "protocol": "tcp",
                "security_groups": [],
                "self": false,
                "to_port": 2376
              },
              {
                "cidr_blocks": [
                  "0.0.0.0/0"
                ],
                "description": "RANCHER02",
                "from_port": 6443,
                "ipv6_cidr_blocks": [
                  "::/0"
                ],
                "prefix_list_ids": [],
                "protocol": "tcp",
                "security_groups": [],
                "self": false,
                "to_port": 6443
              },
              {
                "cidr_blocks": [
                  "0.0.0.0/0"
                ],
                "description": "SSH",
                "from_port": 22,
                "ipv6_cidr_blocks": [
                  "::/0"
                ],
                "prefix_list_ids": [],
                "protocol": "tcp",
                "security_groups": [],
                "self": false,
                "to_port": 22
              },
              {
                "cidr_blocks": [
                  "172.16.0.0/16"
                ],
                "description": "NODES",
                "from_port": 0,
                "ipv6_cidr_blocks": [],
                "prefix_list_ids": [],
                "protocol": "-1",
                "security_groups": [],
                "self": false,
                "to_port": 0
              }
            ],
            "name": "allow_in",
            "name_prefix": "",
            "owner_id": "912406108031",
            "revoke_rules_on_delete": false,
            "tags": {
              "Name": "k3s"
            },
            "tags_all": {
              "Name": "k3s"
            },
            "timeouts": null,
            "vpc_id": "vpc-0de71474239b38f68"
          },
          "sensitive_attributes": [],
          "private": "eyJlMmJmYjczMC1lY2FhLTExZTYtOGY4OC0zNDM2M2JjN2M0YzAiOnsiY3JlYXRlIjo2MDAwMDAwMDAwMDAsImRlbGV0ZSI6OTAwMDAwMDAwMDAwfSwic2NoZW1hX3ZlcnNpb24iOiIxIn0=",
          "dependencies": [
            "module.aws.aws_vpc.cluster"
          ],
          "create_before_destroy": true
        }
      ]
    },
    {
      "module": "module.aws",
      "mode": "managed",
      "type": "aws_subnet",
      "name": "rancher",
      "provider": "module.aws.provider[\"registry.terraform.io/hashicorp/aws\"]",
      "instances": [
        {
          "schema_version": 1,
          "attributes": {
            "arn": "arn:aws:ec2:us-east-1:912406108031:subnet/subnet-0ec575cf374adff00",
            "assign_ipv6_address_on_creation": false,
            "availability_zone": "us-east-1b",
            "availability_zone_id": "use1-az4",
            "cidr_block": "172.16.10.0/24",
            "customer_owned_ipv4_pool": "",
            "enable_dns64": false,
            "enable_resource_name_dns_a_record_on_launch": false,
            "enable_resource_name_dns_aaaa_record_on_launch": false,
            "id": "subnet-0ec575cf374adff00",
            "ipv6_cidr_block": "",
            "ipv6_cidr_block_association_id": "",
            "ipv6_native": false,
            "map_customer_owned_ip_on_launch": false,
            "map_public_ip_on_launch": false,
            "outpost_arn": "",
            "owner_id": "912406108031",
            "private_dns_hostname_type_on_launch": "ip-name",
            "tags": {
              "Name": "k3s"
            },
            "tags_all": {
              "Name": "k3s"
            },
            "timeouts": null,
            "vpc_id": "vpc-0de71474239b38f68"
          },
          "sensitive_attributes": [],
          "private": "eyJlMmJmYjczMC1lY2FhLTExZTYtOGY4OC0zNDM2M2JjN2M0YzAiOnsiY3JlYXRlIjo2MDAwMDAwMDAwMDAsImRlbGV0ZSI6MTIwMDAwMDAwMDAwMH0sInNjaGVtYV92ZXJzaW9uIjoiMSJ9",
          "dependencies": [
            "module.aws.aws_vpc.cluster"
          ]
        }
      ]
    },
    {
      "module": "module.aws",
      "mode": "managed",
      "type": "aws_vpc",
      "name": "cluster",
      "provider": "module.aws.provider[\"registry.terraform.io/hashicorp/aws\"]",
      "instances": [
        {
          "schema_version": 1,
          "attributes": {
            "arn": "arn:aws:ec2:us-east-1:912406108031:vpc/vpc-0de71474239b38f68",
            "assign_generated_ipv6_cidr_block": false,
            "cidr_block": "172.16.0.0/16",
            "default_network_acl_id": "acl-0708b709b6923a86f",
            "default_route_table_id": "rtb-033d6fe3f15fd0623",
            "default_security_group_id": "sg-0144568f2139bb28b",
            "dhcp_options_id": "dopt-ce75b8b4",
            "enable_classiclink": false,
            "enable_classiclink_dns_support": false,
            "enable_dns_hostnames": false,
            "enable_dns_support": true,
            "id": "vpc-0de71474239b38f68",
            "instance_tenancy": "default",
            "ipv4_ipam_pool_id": null,
            "ipv4_netmask_length": null,
            "ipv6_association_id": "",
            "ipv6_cidr_block": "",
            "ipv6_cidr_block_network_border_group": "",
            "ipv6_ipam_pool_id": "",
            "ipv6_netmask_length": 0,
            "main_route_table_id": "rtb-033d6fe3f15fd0623",
            "owner_id": "912406108031",
            "tags": {},
            "tags_all": {}
          },
          "sensitive_attributes": [],
          "private": "eyJzY2hlbWFfdmVyc2lvbiI6IjEifQ==",
          "create_before_destroy": true
        }
      ]
    },
    {
      "module": "module.aws",
      "mode": "managed",
      "type": "null_resource",
      "name": "ansible",
      "provider": "provider[\"registry.terraform.io/hashicorp/null\"]",
      "instances": [
        {
          "schema_version": 0,
          "attributes": {
            "id": "9085874603539089472",
            "triggers": {
              "always_run": "2022-04-16T15:26:30Z"
            }
          },
          "sensitive_attributes": [],
          "private": "bnVsbA=="
        }
      ]
    },
    {
      "module": "module.aws",
      "mode": "managed",
      "type": "tls_private_key",
      "name": "chave",
      "provider": "provider[\"registry.terraform.io/hashicorp/tls\"]",
      "instances": [
        {
          "schema_version": 0,
          "attributes": {
            "algorithm": "RSA",
            "ecdsa_curve": "P224",
            "id": "7ee22e43e74dcc1367b10f9db2de059ea64dfd16",
            "private_key_openssh": "-----BEGIN OPENSSH PRIVATE KEY-----\nb3BlbnNzaC1rZXktdjEAAAAABG5vbmUAAAAEbm9uZQAAAAAAAAABAAACFwAAAAdz\nc2gtcnNhAAAAAwEAAQAAAgEA0ZIAwSv3/fX0tHrABo8ukTG6PlHlOgAcz+2FjXmE\nsFo8rLzsJw7dgoTiaWvdFSGtW9t49sD2YfPqw29VF/mW2GxMvbFyv6knnfiPi2rW\nSUSNQPh3myPGSaG8pMSvuumNG25ptU3/poFJgVkzEHSgX/zuzb6iTQ9/aZcqrc98\nj1SZ+uCBH41fHFbS4Zfzcc7+mQOwrZ5DlLUt41sarC7FvgOxVnkZ7dKhE/KrsmzG\nG9RbTa+xm325EPQ3Q3Rc1uPp8V1Fs89agepVAAr6kiA1Q06zgwISkEnjttSJrLWD\n2A3UiHL2o5kdHQ6C6rnNdtmYmReYuFaANFizwJVTtQlCBTJxO+iZUEhmEt7hDEVb\nMV6NZ1gwxebuy/1GJIicXGQmu9/GdthuRtEadUaLUOh1qGls1f9Fz0z7LoHtb/Rm\nwPcA6Aho6H67X9kR8Y4WlcffHRLs/6XVwkj3GjjNFOye0ieaC8vCfd8s3m4Q3pwP\nx+1lTDjpvGmcN201qVwmfUv7W7E2Da2ZQVT5ZfOY3qleNozd009FZ0fKRTrPuB1C\nlcSLOmktOP2Im5HSmHEIywOlMRKptTPcg5AIGeRfBJXby101hXHp1uJdDqAI1u5Q\nehWrYgqFgHervHure/XjcXoieDumCttC3ZB39X5FayPqSyKQD2KjPOycf7pKEDM8\ncQEAAAc4v395TL9/eUwAAAAHc3NoLXJzYQAAAgEA0ZIAwSv3/fX0tHrABo8ukTG6\nPlHlOgAcz+2FjXmEsFo8rLzsJw7dgoTiaWvdFSGtW9t49sD2YfPqw29VF/mW2GxM\nvbFyv6knnfiPi2rWSUSNQPh3myPGSaG8pMSvuumNG25ptU3/poFJgVkzEHSgX/zu\nzb6iTQ9/aZcqrc98j1SZ+uCBH41fHFbS4Zfzcc7+mQOwrZ5DlLUt41sarC7FvgOx\nVnkZ7dKhE/KrsmzGG9RbTa+xm325EPQ3Q3Rc1uPp8V1Fs89agepVAAr6kiA1Q06z\ngwISkEnjttSJrLWD2A3UiHL2o5kdHQ6C6rnNdtmYmReYuFaANFizwJVTtQlCBTJx\nO+iZUEhmEt7hDEVbMV6NZ1gwxebuy/1GJIicXGQmu9/GdthuRtEadUaLUOh1qGls\n1f9Fz0z7LoHtb/RmwPcA6Aho6H67X9kR8Y4WlcffHRLs/6XVwkj3GjjNFOye0iea\nC8vCfd8s3m4Q3pwPx+1lTDjpvGmcN201qVwmfUv7W7E2Da2ZQVT5ZfOY3qleNozd\n009FZ0fKRTrPuB1ClcSLOmktOP2Im5HSmHEIywOlMRKptTPcg5AIGeRfBJXby101\nhXHp1uJdDqAI1u5QehWrYgqFgHervHure/XjcXoieDumCttC3ZB39X5FayPqSyKQ\nD2KjPOycf7pKEDM8cQEAAAADAQABAAACAEuFYtI6Bw800C8twP9cH7rhAa2tk354\nRenEPYmDDgcDLbRODIfyum5rdq/o1+3iifd9OrUpSmB4JtSwzShroClztZ/yT1i0\nG3u48/mY0Ynrsz+Dio6UsMMeDr4NxwoDWf9VpbBZYFRfaN69B0LZ1GVi36ezGAfP\nGuoxOIcUK133bdnTh5SYPHsY6ruzJ16O6n63rraSPuZa+CNjVFRSMp5L9F8mGury\nKWvn2mnc+vNSbmirdMSE5OkwKK4dQ8uIrGh3ZUPr6EDC8kimrC92fds4hEYkvA3V\nIsNjCg38B3wXV8yoKStBZRVwgksWE+3NcklREI71VRQIFxbCeTzXDjvsKDvwOCge\nuH+IU10LlxpZfjzUC4d6bvWM8USiCSmE01UwT0ezGn1OXtHhHmoNN6xYFD3+HUBV\nJCG6gRfG0d+5IweYkpV09EOklRN4Hf2Gjg7xEU4fDEgosF1cS3RxD0gLW3JFjIcD\n7YMEY2C9AiFfGHFDK6zh+bxEcUIsI3npr5n/ZJ91nIa2ybo1Hbn9vfTB16toEC+U\nv/49WuT0iIW67/X+U6DrAK6sWaOC2JRn+odFGNCxkBQYZjxw9qfdcS7QacLZX+CQ\nLW8+Qw33cPD7RcZZANfecnAlfvVyrT1MACQTXagx52RlcTEHfHny6wrvYxRNOnA3\nuXSmtguQokexAAABAQCU1jsdaLdJdn/6/UeXXUyrnCuPYsFSvKTHnOyr9UGZu3YM\nH8KiT0HhtQm553lqbT0n9PNaVnG0iXobzstx04dd+vWQvvgHvE0ICvMyCYGSVZSQ\n0gAYApD62MEnePqVPiZKoXybGdLTo9Mzl5ixkYSZpiVfndy9ddZ2G66n45cIjwo/\nzYxUvWqnsp/5zeTucsLDaJ1Fn7AZyASV1oely6p5f82xeVjBn0NSBwB4poecLzGB\n5YmsuhzuVL8LeW4Lk+w5E+AZCzu1SvUwkCyh/UpGm2f2zrXgGE6xlN86VXus60w1\n6skLBS7QBD47SlGQxUzq/AhJ07UKAU8cyM+btWLeAAABAQDwbyNtVL3F7pTpDqZW\n8UsB3Lvnv3bS4zmMb1Tpxwn4NZrU0jkh+tqtifMYou3ApejyGdfmb6hlR+9BbU1m\nHhdE4Oe0CtPwtsIkGOdB7YYRS56wGgKTVimV/dpnnyO74uGEGhcc5ar5WDMGbGgW\nIYZ0jVwDZYintjozH2uS7RFn3HRI6MIWVOX9gtzviVQfJ0e8gt1e1eudVGVQMyjr\nGUTizxIcy5XLM67C52e/0lQMj3gu14Zar1nRl58TBe53tsuoP3TjjApD6vlTGcIr\nGdQ7LsLkwtuI8kSCZ5uGg94g9KIifrR7bNcMgoYJOGm4XBFsNuUaLKfJlRT8JHsc\nnUvdAAABAQDfI1b9JcMoyJz8N+hPpMrVb/xrT8PuHM6n9e+uSvgxSkj4FobawDS/\n9SQf1a/ktMthrpCtf+rvlh9SgdKrJIzUZxRrdDmyR5k+Hn2bi4WT30HpBvZvP7oe\nOe3O2dcVOeJ/MUkfvPA0CHkLgEopwzfdnGRqDo8TDFONTBNB/h3+4NQlOvTI0LG4\nK2qfiNXvd+O0lyD/R4VpUZr2L9WVgGjgMvi4U6QOk3krqMyBxwfG3uzTpbiVa5Tb\nK/QGSaydSEHotBS0y8HjF9lygDt8vC1K5Ygre0nKIyjd3IKqSkwxvVo6ZBOjr5W1\nguB5k4gexIBLob1wVZItBA13PLNKhgl1AAAAAAEC\n-----END OPENSSH PRIVATE KEY-----\n",
            "private_key_pem": "-----BEGIN RSA PRIVATE KEY-----\nMIIJKQIBAAKCAgEA0ZIAwSv3/fX0tHrABo8ukTG6PlHlOgAcz+2FjXmEsFo8rLzs\nJw7dgoTiaWvdFSGtW9t49sD2YfPqw29VF/mW2GxMvbFyv6knnfiPi2rWSUSNQPh3\nmyPGSaG8pMSvuumNG25ptU3/poFJgVkzEHSgX/zuzb6iTQ9/aZcqrc98j1SZ+uCB\nH41fHFbS4Zfzcc7+mQOwrZ5DlLUt41sarC7FvgOxVnkZ7dKhE/KrsmzGG9RbTa+x\nm325EPQ3Q3Rc1uPp8V1Fs89agepVAAr6kiA1Q06zgwISkEnjttSJrLWD2A3UiHL2\no5kdHQ6C6rnNdtmYmReYuFaANFizwJVTtQlCBTJxO+iZUEhmEt7hDEVbMV6NZ1gw\nxebuy/1GJIicXGQmu9/GdthuRtEadUaLUOh1qGls1f9Fz0z7LoHtb/RmwPcA6Aho\n6H67X9kR8Y4WlcffHRLs/6XVwkj3GjjNFOye0ieaC8vCfd8s3m4Q3pwPx+1lTDjp\nvGmcN201qVwmfUv7W7E2Da2ZQVT5ZfOY3qleNozd009FZ0fKRTrPuB1ClcSLOmkt\nOP2Im5HSmHEIywOlMRKptTPcg5AIGeRfBJXby101hXHp1uJdDqAI1u5QehWrYgqF\ngHervHure/XjcXoieDumCttC3ZB39X5FayPqSyKQD2KjPOycf7pKEDM8cQECAwEA\nAQKCAgBLhWLSOgcPNNAvLcD/XB+64QGtrZN+eEXpxD2Jgw4HAy20TgyH8rpua3av\n6Nft4on3fTq1KUpgeCbUsM0oa6Apc7Wf8k9YtBt7uPP5mNGJ67M/g4qOlLDDHg6+\nDccKA1n/VaWwWWBUX2jevQdC2dRlYt+nsxgHzxrqMTiHFCtd923Z04eUmDx7GOq7\nsydejup+t662kj7mWvgjY1RUUjKeS/RfJhrq8ilr59pp3PrzUm5oq3TEhOTpMCiu\nHUPLiKxod2VD6+hAwvJIpqwvdn3bOIRGJLwN1SLDYwoN/Ad8F1fMqCkrQWUVcIJL\nFhPtzXJJURCO9VUUCBcWwnk81w477Cg78DgoHrh/iFNdC5caWX481AuHem71jPFE\nogkphNNVME9Hsxp9Tl7R4R5qDTesWBQ9/h1AVSQhuoEXxtHfuSMHmJKVdPRDpJUT\neB39ho4O8RFOHwxIKLBdXEt0cQ9IC1tyRYyHA+2DBGNgvQIhXxhxQyus4fm8RHFC\nLCN56a+Z/2SfdZyGtsm6NR25/b30wderaBAvlL/+PVrk9IiFuu/1/lOg6wCurFmj\ngtiUZ/qHRRjQsZAUGGY8cPan3XEu0GnC2V/gkC1vPkMN93Dw+0XGWQDX3nJwJX71\ncq09TAAkE12oMedkZXExB3x58usK72MUTTpwN7l0prYLkKJHsQKCAQEA8G8jbVS9\nxe6U6Q6mVvFLAdy757920uM5jG9U6ccJ+DWa1NI5IfrarYnzGKLtwKXo8hnX5m+o\nZUfvQW1NZh4XRODntArT8LbCJBjnQe2GEUuesBoCk1Yplf3aZ58ju+LhhBoXHOWq\n+VgzBmxoFiGGdI1cA2WIp7Y6Mx9rku0RZ9x0SOjCFlTl/YLc74lUHydHvILdXtXr\nnVRlUDMo6xlE4s8SHMuVyzOuwudnv9JUDI94LteGWq9Z0ZefEwXud7bLqD9044wK\nQ+r5UxnCKxnUOy7C5MLbiPJEgmebhoPeIPSiIn60e2zXDIKGCThpuFwRbDblGiyn\nyZUU/CR7HJ1L3QKCAQEA3yNW/SXDKMic/DfoT6TK1W/8a0/D7hzOp/Xvrkr4MUpI\n+BaG2sA0v/UkH9Wv5LTLYa6QrX/q75YfUoHSqySM1GcUa3Q5skeZPh59m4uFk99B\n6Qb2bz+6HjntztnXFTnifzFJH7zwNAh5C4BKKcM33Zxkag6PEwxTjUwTQf4d/uDU\nJTr0yNCxuCtqn4jV73fjtJcg/0eFaVGa9i/VlYBo4DL4uFOkDpN5K6jMgccHxt7s\n06W4lWuU2yv0BkmsnUhB6LQUtMvB4xfZcoA7fLwtSuWIK3tJyiMo3dyCqkpMMb1a\nOmQTo6+VtYLgeZOIHsSAS6G9cFWSLQQNdzyzSoYJdQKCAQEAzbiaXHLUiaYQ/bSO\nOPfukOJYWPtm5RyM4g9kXT7z1c+v8gcJ4XwtXa0aNms5+Ms8nOHl7IJ/WGGLYrTu\nM8Dtcf7p4hAdten6BT7VqIBeZTAJ0G4A5CYmIPN6y4zL23hOM2TLf+s3Nm/0ALwC\n92SqEdHd9/4JRk7ST2nD9ownh3GGgde+MbNkslwlREOBmcJXTAHA/eMV3aEXqt6L\nVVVirpo0yjSbr6lCD/xFtkh1p+WeFJ5OlAtTU9Viw7kgiIf8i7H4BraNFf3YZPU2\nQQCxqg3hrjDX/L4mRln2Jctw5UvL6q31KWJAQrDvlLYTJy6Hrcrujk3FJuMLeI6S\nVDJ2dQKCAQB0DuaE3qpGQSndyZpsKlNRdmC81A0dgSA/nhxe9CFpSbDwUI8togEN\nwoxafoNxGlQaZ3hatYjVuqhp+po/Z9BT/ZVSWm5T+weKlsNQLt54TgvzDysILAY7\nCHhXOVi0cpoK+/CDsHrjJXEH+V8Zn68j9d8IhrAGAUhH2sS9c1XYpsnQ33xIIrv9\nBZ/8gGh9mEb4PA7umB2c7NQDrleR3esuiXRyMxbGeg/xFGfiLEowNuzJHI4IMZ+H\n67GNv64nVFjrlxaZ/szGuDXiZy4Jr7qDFSWhMAvuNiFgW/weZGyDBnCypDDO11mv\nwfXNZl3LWvs721Ez514TSeNTHGBIp7StAoIBAQCU1jsdaLdJdn/6/UeXXUyrnCuP\nYsFSvKTHnOyr9UGZu3YMH8KiT0HhtQm553lqbT0n9PNaVnG0iXobzstx04dd+vWQ\nvvgHvE0ICvMyCYGSVZSQ0gAYApD62MEnePqVPiZKoXybGdLTo9Mzl5ixkYSZpiVf\nndy9ddZ2G66n45cIjwo/zYxUvWqnsp/5zeTucsLDaJ1Fn7AZyASV1oely6p5f82x\neVjBn0NSBwB4poecLzGB5YmsuhzuVL8LeW4Lk+w5E+AZCzu1SvUwkCyh/UpGm2f2\nzrXgGE6xlN86VXus60w16skLBS7QBD47SlGQxUzq/AhJ07UKAU8cyM+btWLe\n-----END RSA PRIVATE KEY-----\n",
            "public_key_fingerprint_md5": "36:bd:e5:76:84:b8:fc:23:6d:d2:68:02:fd:d1:72:d3",
            "public_key_fingerprint_sha256": "SHA256:XtAntTH3CJM+nHTlbWdkEMCha33I6tE1LqFxjjzCfIY",
            "public_key_openssh": "ssh-rsa AAAAB3NzaC1yc2EAAAADAQABAAACAQDRkgDBK/f99fS0esAGjy6RMbo+UeU6ABzP7YWNeYSwWjysvOwnDt2ChOJpa90VIa1b23j2wPZh8+rDb1UX+ZbYbEy9sXK/qSed+I+LatZJRI1A+HebI8ZJobykxK+66Y0bbmm1Tf+mgUmBWTMQdKBf/O7NvqJND39plyqtz3yPVJn64IEfjV8cVtLhl/Nxzv6ZA7CtnkOUtS3jWxqsLsW+A7FWeRnt0qET8quybMYb1FtNr7GbfbkQ9DdDdFzW4+nxXUWzz1qB6lUACvqSIDVDTrODAhKQSeO21ImstYPYDdSIcvajmR0dDoLquc122ZiZF5i4VoA0WLPAlVO1CUIFMnE76JlQSGYS3uEMRVsxXo1nWDDF5u7L/UYkiJxcZCa738Z22G5G0Rp1RotQ6HWoaWzV/0XPTPsuge1v9GbA9wDoCGjofrtf2RHxjhaVx98dEuz/pdXCSPcaOM0U7J7SJ5oLy8J93yzebhDenA/H7WVMOOm8aZw3bTWpXCZ9S/tbsTYNrZlBVPll85jeqV42jN3TT0VnR8pFOs+4HUKVxIs6aS04/YibkdKYcQjLA6UxEqm1M9yDkAgZ5F8EldvLXTWFcenW4l0OoAjW7lB6FatiCoWAd6u8e6t79eNxeiJ4O6YK20LdkHf1fkVrI+pLIpAPYqM87Jx/ukoQMzxxAQ==\n",
            "public_key_pem": "-----BEGIN PUBLIC KEY-----\nMIICIjANBgkqhkiG9w0BAQEFAAOCAg8AMIICCgKCAgEA0ZIAwSv3/fX0tHrABo8u\nkTG6PlHlOgAcz+2FjXmEsFo8rLzsJw7dgoTiaWvdFSGtW9t49sD2YfPqw29VF/mW\n2GxMvbFyv6knnfiPi2rWSUSNQPh3myPGSaG8pMSvuumNG25ptU3/poFJgVkzEHSg\nX/zuzb6iTQ9/aZcqrc98j1SZ+uCBH41fHFbS4Zfzcc7+mQOwrZ5DlLUt41sarC7F\nvgOxVnkZ7dKhE/KrsmzGG9RbTa+xm325EPQ3Q3Rc1uPp8V1Fs89agepVAAr6kiA1\nQ06zgwISkEnjttSJrLWD2A3UiHL2o5kdHQ6C6rnNdtmYmReYuFaANFizwJVTtQlC\nBTJxO+iZUEhmEt7hDEVbMV6NZ1gwxebuy/1GJIicXGQmu9/GdthuRtEadUaLUOh1\nqGls1f9Fz0z7LoHtb/RmwPcA6Aho6H67X9kR8Y4WlcffHRLs/6XVwkj3GjjNFOye\n0ieaC8vCfd8s3m4Q3pwPx+1lTDjpvGmcN201qVwmfUv7W7E2Da2ZQVT5ZfOY3qle\nNozd009FZ0fKRTrPuB1ClcSLOmktOP2Im5HSmHEIywOlMRKptTPcg5AIGeRfBJXb\ny101hXHp1uJdDqAI1u5QehWrYgqFgHervHure/XjcXoieDumCttC3ZB39X5FayPq\nSyKQD2KjPOycf7pKEDM8cQECAwEAAQ==\n-----END PUBLIC KEY-----\n",
            "rsa_bits": 4096
          },
          "sensitive_attributes": [],
          "private": "bnVsbA=="
        }
      ]
    }
  ]
}
